// !$*UTF8*$!
{
	archiveVersion = 1;
	classes = {
	};
	objectVersion = 55;
	objects = {

/* Begin PBXBuildFile section */
		9B11A0432817042400624C5B /* metalbinding.m in Sources */ = {isa = PBXBuildFile; fileRef = 9B11A0422817042400624C5B /* metalbinding.m */; };
		9B11A046281704C000624C5B /* Metal.framework in Frameworks */ = {isa = PBXBuildFile; fileRef = 9B11A045281704C000624C5B /* Metal.framework */; };
		9B11A0492817073600624C5B /* MetalKit.framework in Frameworks */ = {isa = PBXBuildFile; fileRef = 9B11A0482817073600624C5B /* MetalKit.framework */; };
		9B11A04B28170D0C00624C5B /* AppKit.framework in Frameworks */ = {isa = PBXBuildFile; fileRef = 9B11A04A28170D0C00624C5B /* AppKit.framework */; };
		9B2B1E4328ED68D800588069 /* arp.m in Sources */ = {isa = PBXBuildFile; fileRef = 9B2B1E4228ED68D800588069 /* arp.m */; settings = {COMPILER_FLAGS = "-fno-objc-arc"; }; };
/* End PBXBuildFile section */

/* Begin PBXFileReference section */
		9B11A03B281703F200624C5B /* libmetalbinding.dylib */ = {isa = PBXFileReference; explicitFileType = "compiled.mach-o.dylib"; includeInIndex = 0; path = libmetalbinding.dylib; sourceTree = BUILT_PRODUCTS_DIR; };
		9B11A0422817042400624C5B /* metalbinding.m */ = {isa = PBXFileReference; lastKnownFileType = sourcecode.c.objc; path = metalbinding.m; sourceTree = "<group>"; };
		9B11A045281704C000624C5B /* Metal.framework */ = {isa = PBXFileReference; lastKnownFileType = wrapper.framework; name = Metal.framework; path = System/Library/Frameworks/Metal.framework; sourceTree = SDKROOT; };
		9B11A047281705AD00624C5B /* metalbinding.h */ = {isa = PBXFileReference; lastKnownFileType = sourcecode.c.h; path = metalbinding.h; sourceTree = "<group>"; };
		9B11A0482817073600624C5B /* MetalKit.framework */ = {isa = PBXFileReference; lastKnownFileType = wrapper.framework; name = MetalKit.framework; path = System/Library/Frameworks/MetalKit.framework; sourceTree = SDKROOT; };
		9B11A04A28170D0C00624C5B /* AppKit.framework */ = {isa = PBXFileReference; lastKnownFileType = wrapper.framework; name = AppKit.framework; path = System/Library/Frameworks/AppKit.framework; sourceTree = SDKROOT; };
		9B2B1E4228ED68D800588069 /* arp.m */ = {isa = PBXFileReference; lastKnownFileType = sourcecode.c.objc; path = arp.m; sourceTree = "<group>"; };
		9B2B1E4428ED697600588069 /* context.h */ = {isa = PBXFileReference; lastKnownFileType = sourcecode.c.h; path = context.h; sourceTree = "<group>"; };
/* End PBXFileReference section */

/* Begin PBXFrameworksBuildPhase section */
		9B11A039281703F200624C5B /* Frameworks */ = {
			isa = PBXFrameworksBuildPhase;
			buildActionMask = 2147483647;
			files = (
				9B11A04B28170D0C00624C5B /* AppKit.framework in Frameworks */,
				9B11A046281704C000624C5B /* Metal.framework in Frameworks */,
				9B11A0492817073600624C5B /* MetalKit.framework in Frameworks */,
			);
			runOnlyForDeploymentPostprocessing = 0;
		};
/* End PBXFrameworksBuildPhase section */

/* Begin PBXGroup section */
		9B11A032281703F200624C5B = {
			isa = PBXGroup;
			children = (
				9B2B1E4428ED697600588069 /* context.h */,
				9B2B1E4228ED68D800588069 /* arp.m */,
				9B11A047281705AD00624C5B /* metalbinding.h */,
				9B11A0422817042400624C5B /* metalbinding.m */,
				9B11A03C281703F200624C5B /* Products */,
				9B11A044281704C000624C5B /* Frameworks */,
			);
			sourceTree = "<group>";
		};
		9B11A03C281703F200624C5B /* Products */ = {
			isa = PBXGroup;
			children = (
				9B11A03B281703F200624C5B /* libmetalbinding.dylib */,
			);
			name = Products;
			sourceTree = "<group>";
		};
		9B11A044281704C000624C5B /* Frameworks */ = {
			isa = PBXGroup;
			children = (
				9B11A04A28170D0C00624C5B /* AppKit.framework */,
				9B11A0482817073600624C5B /* MetalKit.framework */,
				9B11A045281704C000624C5B /* Metal.framework */,
			);
			name = Frameworks;
			sourceTree = "<group>";
		};
/* End PBXGroup section */

/* Begin PBXHeadersBuildPhase section */
		9B11A037281703F200624C5B /* Headers */ = {
			isa = PBXHeadersBuildPhase;
			buildActionMask = 2147483647;
			files = (
			);
			runOnlyForDeploymentPostprocessing = 0;
		};
/* End PBXHeadersBuildPhase section */

/* Begin PBXNativeTarget section */
		9B11A03A281703F200624C5B /* metalbinding */ = {
			isa = PBXNativeTarget;
			buildConfigurationList = 9B11A03F281703F200624C5B /* Build configuration list for PBXNativeTarget "metalbinding" */;
			buildPhases = (
				9B11A037281703F200624C5B /* Headers */,
				9B11A038281703F200624C5B /* Sources */,
				9B11A039281703F200624C5B /* Frameworks */,
			);
			buildRules = (
			);
			dependencies = (
			);
			name = metalbinding;
			productName = metalgl;
			productReference = 9B11A03B281703F200624C5B /* libmetalbinding.dylib */;
			productType = "com.apple.product-type.library.dynamic";
		};
/* End PBXNativeTarget section */

/* Begin PBXProject section */
		9B11A033281703F200624C5B /* Project object */ = {
			isa = PBXProject;
			attributes = {
				BuildIndependentTargetsInParallel = 1;
				LastUpgradeCheck = 1330;
				TargetAttributes = {
					9B11A03A281703F200624C5B = {
						CreatedOnToolsVersion = 13.3.1;
					};
				};
			};
			buildConfigurationList = 9B11A036281703F200624C5B /* Build configuration list for PBXProject "metalbinding" */;
			compatibilityVersion = "Xcode 13.0";
			developmentRegion = en;
			hasScannedForEncodings = 0;
			knownRegions = (
				en,
				Base,
			);
			mainGroup = 9B11A032281703F200624C5B;
			productRefGroup = 9B11A03C281703F200624C5B /* Products */;
			projectDirPath = "";
			projectRoot = "";
			targets = (
				9B11A03A281703F200624C5B /* metalbinding */,
			);
		};
/* End PBXProject section */

/* Begin PBXSourcesBuildPhase section */
		9B11A038281703F200624C5B /* Sources */ = {
			isa = PBXSourcesBuildPhase;
			buildActionMask = 2147483647;
			files = (
				9B11A0432817042400624C5B /* metalbinding.m in Sources */,
				9B2B1E4328ED68D800588069 /* arp.m in Sources */,
			);
			runOnlyForDeploymentPostprocessing = 0;
		};
/* End PBXSourcesBuildPhase section */

/* Begin XCBuildConfiguration section */
		9B11A03D281703F200624C5B /* Debug */ = {
			isa = XCBuildConfiguration;
			buildSettings = {
				ALWAYS_SEARCH_USER_PATHS = NO;
				CLANG_ANALYZER_NONNULL = YES;
				CLANG_ANALYZER_NUMBER_OBJECT_CONVERSION = YES_AGGRESSIVE;
				CLANG_CXX_LANGUAGE_STANDARD = "gnu++17";
				CLANG_ENABLE_MODULES = YES;
				CLANG_ENABLE_OBJC_ARC = YES;
				CLANG_ENABLE_OBJC_WEAK = YES;
				CLANG_WARN_BLOCK_CAPTURE_AUTORELEASING = YES;
				CLANG_WARN_BOOL_CONVERSION = YES;
				CLANG_WARN_COMMA = YES;
				CLANG_WARN_CONSTANT_CONVERSION = YES;
				CLANG_WARN_DEPRECATED_OBJC_IMPLEMENTATIONS = YES;
				CLANG_WARN_DIRECT_OBJC_ISA_USAGE = YES_ERROR;
				CLANG_WARN_DOCUMENTATION_COMMENTS = YES;
				CLANG_WARN_EMPTY_BODY = YES;
				CLANG_WARN_ENUM_CONVERSION = YES;
				CLANG_WARN_INFINITE_RECURSION = YES;
				CLANG_WARN_INT_CONVERSION = YES;
				CLANG_WARN_NON_LITERAL_NULL_CONVERSION = YES;
				CLANG_WARN_OBJC_IMPLICIT_RETAIN_SELF = YES;
				CLANG_WARN_OBJC_LITERAL_CONVERSION = YES;
				CLANG_WARN_OBJC_ROOT_CLASS = YES_ERROR;
				CLANG_WARN_QUOTED_INCLUDE_IN_FRAMEWORK_HEADER = YES;
				CLANG_WARN_RANGE_LOOP_ANALYSIS = YES;
				CLANG_WARN_STRICT_PROTOTYPES = YES;
				CLANG_WARN_SUSPICIOUS_MOVE = YES;
				CLANG_WARN_UNGUARDED_AVAILABILITY = YES_AGGRESSIVE;
				CLANG_WARN_UNREACHABLE_CODE = YES;
				CLANG_WARN__DUPLICATE_METHOD_MATCH = YES;
				COPY_PHASE_STRIP = NO;
				DEBUG_INFORMATION_FORMAT = dwarf;
				ENABLE_STRICT_OBJC_MSGSEND = YES;
				ENABLE_TESTABILITY = YES;
				GCC_C_LANGUAGE_STANDARD = gnu11;
				GCC_DYNAMIC_NO_PIC = NO;
				GCC_NO_COMMON_BLOCKS = YES;
				GCC_OPTIMIZATION_LEVEL = 0;
				GCC_PREPROCESSOR_DEFINITIONS = (
					"DEBUG=1",
					"$(inherited)",
				);
				GCC_WARN_64_TO_32_BIT_CONVERSION = YES;
				GCC_WARN_ABOUT_RETURN_TYPE = YES_ERROR;
				GCC_WARN_UNDECLARED_SELECTOR = YES;
				GCC_WARN_UNINITIALIZED_AUTOS = YES_AGGRESSIVE;
				GCC_WARN_UNUSED_FUNCTION = YES;
				GCC_WARN_UNUSED_VARIABLE = YES;
				MACOSX_DEPLOYMENT_TARGET = 12.3;
				MTL_ENABLE_DEBUG_INFO = INCLUDE_SOURCE;
				MTL_FAST_MATH = YES;
				ONLY_ACTIVE_ARCH = YES;
				SDKROOT = macosx;
			};
			name = Debug;
		};
		9B11A03E281703F200624C5B /* Release */ = {
			isa = XCBuildConfiguration;
			buildSettings = {
				ALWAYS_SEARCH_USER_PATHS = NO;
				CLANG_ANALYZER_NONNULL = YES;
				CLANG_ANALYZER_NUMBER_OBJECT_CONVERSION = YES_AGGRESSIVE;
				CLANG_CXX_LANGUAGE_STANDARD = "gnu++17";
				CLANG_ENABLE_MODULES = YES;
				CLANG_ENABLE_OBJC_ARC = YES;
				CLANG_ENABLE_OBJC_WEAK = YES;
				CLANG_WARN_BLOCK_CAPTURE_AUTORELEASING = YES;
				CLANG_WARN_BOOL_CONVERSION = YES;
				CLANG_WARN_COMMA = YES;
				CLANG_WARN_CONSTANT_CONVERSION = YES;
				CLANG_WARN_DEPRECATED_OBJC_IMPLEMENTATIONS = YES;
				CLANG_WARN_DIRECT_OBJC_ISA_USAGE = YES_ERROR;
				CLANG_WARN_DOCUMENTATION_COMMENTS = YES;
				CLANG_WARN_EMPTY_BODY = YES;
				CLANG_WARN_ENUM_CONVERSION = YES;
				CLANG_WARN_INFINITE_RECURSION = YES;
				CLANG_WARN_INT_CONVERSION = YES;
				CLANG_WARN_NON_LITERAL_NULL_CONVERSION = YES;
				CLANG_WARN_OBJC_IMPLICIT_RETAIN_SELF = YES;
				CLANG_WARN_OBJC_LITERAL_CONVERSION = YES;
				CLANG_WARN_OBJC_ROOT_CLASS = YES_ERROR;
				CLANG_WARN_QUOTED_INCLUDE_IN_FRAMEWORK_HEADER = YES;
				CLANG_WARN_RANGE_LOOP_ANALYSIS = YES;
				CLANG_WARN_STRICT_PROTOTYPES = YES;
				CLANG_WARN_SUSPICIOUS_MOVE = YES;
				CLANG_WARN_UNGUARDED_AVAILABILITY = YES_AGGRESSIVE;
				CLANG_WARN_UNREACHABLE_CODE = YES;
				CLANG_WARN__DUPLICATE_METHOD_MATCH = YES;
				COPY_PHASE_STRIP = NO;
				DEBUG_INFORMATION_FORMAT = "dwarf-with-dsym";
				ENABLE_NS_ASSERTIONS = NO;
				ENABLE_STRICT_OBJC_MSGSEND = YES;
				GCC_C_LANGUAGE_STANDARD = gnu11;
				GCC_NO_COMMON_BLOCKS = YES;
				GCC_WARN_64_TO_32_BIT_CONVERSION = YES;
				GCC_WARN_ABOUT_RETURN_TYPE = YES_ERROR;
				GCC_WARN_UNDECLARED_SELECTOR = YES;
				GCC_WARN_UNINITIALIZED_AUTOS = YES_AGGRESSIVE;
				GCC_WARN_UNUSED_FUNCTION = YES;
				GCC_WARN_UNUSED_VARIABLE = YES;
				MACOSX_DEPLOYMENT_TARGET = 12.3;
				MTL_ENABLE_DEBUG_INFO = NO;
				MTL_FAST_MATH = YES;
				SDKROOT = macosx;
			};
			name = Release;
		};
		9B11A040281703F200624C5B /* Debug */ = {
			isa = XCBuildConfiguration;
			buildSettings = {
				CODE_SIGN_STYLE = Automatic;
				DYLIB_COMPATIBILITY_VERSION = 1;
				DYLIB_CURRENT_VERSION = 1;
				EXECUTABLE_PREFIX = lib;
				PRODUCT_NAME = "$(TARGET_NAME)";
				SKIP_INSTALL = YES;
			};
			name = Debug;
		};
		9B11A041281703F200624C5B /* Release */ = {
			isa = XCBuildConfiguration;
			buildSettings = {
				CODE_SIGN_STYLE = Automatic;
				DYLIB_COMPATIBILITY_VERSION = 1;
				DYLIB_CURRENT_VERSION = 1;
				EXECUTABLE_PREFIX = lib;
				PRODUCT_NAME = "$(TARGET_NAME)";
				SKIP_INSTALL = YES;
			};
			name = Release;
		};
/* End XCBuildConfiguration section */

/* Begin XCConfigurationList section */
		9B11A036281703F200624C5B /* Build configuration list for PBXProject "metalbinding" */ = {
			isa = XCConfigurationList;
			buildConfigurations = (
				9B11A03D281703F200624C5B /* Debug */,
				9B11A03E281703F200624C5B /* Release */,
			);
			defaultConfigurationIsVisible = 0;
			defaultConfigurationName = Release;
		};
		9B11A03F281703F200624C5B /* Build configuration list for PBXNativeTarget "metalbinding" */ = {
			isa = XCConfigurationList;
			buildConfigurations = (
				9B11A040281703F200624C5B /* Debug */,
				9B11A041281703F200624C5B /* Release */,
			);
			defaultConfigurationIsVisible = 0;
			defaultConfigurationName = Release;
		};
/* End XCConfigurationList section */
	};
	rootObject = 9B11A033281703F200624C5B /* Project object */;
}
